
Microsoft Visual Studio Solution File, Format Version 12.00
# Visual Studio 2012
Project("{FAE04EC0-301F-11D3-BF4B-00C04F79EFBC}") = "ZDK", "ZDK\ZDK.csproj", "{2D2602E3-6E58-4611-9DA5-C39B54D2E6AE}"
	ProjectSection(ProjectDependencies) = postProject
		{4864F04F-F36C-4EC4-AC7B-42DDEDBD03D5} = {4864F04F-F36C-4EC4-AC7B-42DDEDBD03D5}
		{86D073BE-9892-4CF9-9FBB-9466A9622906} = {86D073BE-9892-4CF9-9FBB-9466A9622906}
	EndProjectSection
EndProject
Project("{8BC9CEB8-8B4A-11D0-8D11-00A0C91BC942}") = "ZigNativeKinectAudioSourceDll", "ZigNativeKinectAudioSourceDll\ZigNativeKinectAudioSourceDll.vcxproj", "{86D073BE-9892-4CF9-9FBB-9466A9622906}"
EndProject
Project("{8BC9CEB8-8B4A-11D0-8D11-00A0C91BC942}") = "NativeFaceTrackLibWrapper", "NativeFaceTrackLibWrapper\NativeFaceTrackLibWrapper.vcxproj", "{4864F04F-F36C-4EC4-AC7B-42DDEDBD03D5}"
EndProject
Global
	GlobalSection(SolutionConfigurationPlatforms) = preSolution
		Debug|Mixed Platforms = Debug|Mixed Platforms
		Debug|Win32 = Debug|Win32
		Debug|x64 = Debug|x64
		Debug|x86 = Debug|x86
		Release|Mixed Platforms = Release|Mixed Platforms
		Release|Win32 = Release|Win32
		Release|x64 = Release|x64
		Release|x86 = Release|x86
	EndGlobalSection
	GlobalSection(ProjectConfigurationPlatforms) = postSolution
		{2D2602E3-6E58-4611-9DA5-C39B54D2E6AE}.Debug|Mixed Platforms.ActiveCfg = Debug|x86
		{2D2602E3-6E58-4611-9DA5-C39B54D2E6AE}.Debug|Mixed Platforms.Build.0 = Debug|x86
		{2D2602E3-6E58-4611-9DA5-C39B54D2E6AE}.Debug|Win32.ActiveCfg = Debug|x86
		{2D2602E3-6E58-4611-9DA5-C39B54D2E6AE}.Debug|x64.ActiveCfg = Debug|x86
		{2D2602E3-6E58-4611-9DA5-C39B54D2E6AE}.Debug|x86.ActiveCfg = Debug|x86
		{2D2602E3-6E58-4611-9DA5-C39B54D2E6AE}.Debug|x86.Build.0 = Debug|x86
		{2D2602E3-6E58-4611-9DA5-C39B54D2E6AE}.Release|Mixed Platforms.ActiveCfg = Release|x86
		{2D2602E3-6E58-4611-9DA5-C39B54D2E6AE}.Release|Mixed Platforms.Build.0 = Release|x86
		{2D2602E3-6E58-4611-9DA5-C39B54D2E6AE}.Release|Win32.ActiveCfg = Release|x86
		{2D2602E3-6E58-4611-9DA5-C39B54D2E6AE}.Release|x64.ActiveCfg = Release|x86
		{2D2602E3-6E58-4611-9DA5-C39B54D2E6AE}.Release|x86.ActiveCfg = Release|x86
		{2D2602E3-6E58-4611-9DA5-C39B54D2E6AE}.Release|x86.Build.0 = Release|x86
		{86D073BE-9892-4CF9-9FBB-9466A9622906}.Debug|Mixed Platforms.ActiveCfg = Debug|Win32
		{86D073BE-9892-4CF9-9FBB-9466A9622906}.Debug|Mixed Platforms.Build.0 = Debug|Win32
		{86D073BE-9892-4CF9-9FBB-9466A9622906}.Debug|Win32.ActiveCfg = Debug|Win32
		{86D073BE-9892-4CF9-9FBB-9466A9622906}.Debug|Win32.Build.0 = Debug|Win32
		{86D073BE-9892-4CF9-9FBB-9466A9622906}.Debug|x64.ActiveCfg = Debug|Win32
		{86D073BE-9892-4CF9-9FBB-9466A9622906}.Debug|x64.Build.0 = Debug|Win32
		{86D073BE-9892-4CF9-9FBB-9466A9622906}.Debug|x86.ActiveCfg = Debug|Win32
		{86D073BE-9892-4CF9-9FBB-9466A9622906}.Debug|x86.Build.0 = Debug|Win32
		{86D073BE-9892-4CF9-9FBB-9466A9622906}.Release|Mixed Platforms.ActiveCfg = Release|Win32
		{86D073BE-9892-4CF9-9FBB-9466A9622906}.Release|Mixed Platforms.Build.0 = Release|Win32
		{86D073BE-9892-4CF9-9FBB-9466A9622906}.Release|Win32.ActiveCfg = Release|Win32
		{86D073BE-9892-4CF9-9FBB-9466A9622906}.Release|Win32.Build.0 = Release|Win32
		{86D073BE-9892-4CF9-9FBB-9466A9622906}.Release|x64.ActiveCfg = Release|x64
		{86D073BE-9892-4CF9-9FBB-9466A9622906}.Release|x64.Build.0 = Release|x64
		{86D073BE-9892-4CF9-9FBB-9466A9622906}.Release|x86.ActiveCfg = Release|Win32
		{86D073BE-9892-4CF9-9FBB-9466A9622906}.Release|x86.Build.0 = Release|Win32
		{4864F04F-F36C-4EC4-AC7B-42DDEDBD03D5}.Debug|Mixed Platforms.ActiveCfg = Debug|Win32
		{4864F04F-F36C-4EC4-AC7B-42DDEDBD03D5}.Debug|Mixed Platforms.Build.0 = Debug|Win32
		{4864F04F-F36C-4EC4-AC7B-42DDEDBD03D5}.Debug|Win32.ActiveCfg = Debug|Win32
		{4864F04F-F36C-4EC4-AC7B-42DDEDBD03D5}.Debug|Win32.Build.0 = Debug|Win32
		{4864F04F-F36C-4EC4-AC7B-42DDEDBD03D5}.Debug|x64.ActiveCfg = Debug|Win32
		{4864F04F-F36C-4EC4-AC7B-42DDEDBD03D5}.Debug|x86.ActiveCfg = Debug|Win32
		{4864F04F-F36C-4EC4-AC7B-42DDEDBD03D5}.Debug|x86.Build.0 = Debug|Win32
		{4864F04F-F36C-4EC4-AC7B-42DDEDBD03D5}.Release|Mixed Platforms.ActiveCfg = Release|Win32
		{4864F04F-F36C-4EC4-AC7B-42DDEDBD03D5}.Release|Mixed Platforms.Build.0 = Release|Win32
		{4864F04F-F36C-4EC4-AC7B-42DDEDBD03D5}.Release|Win32.ActiveCfg = Release|Win32
		{4864F04F-F36C-4EC4-AC7B-42DDEDBD03D5}.Release|Win32.Build.0 = Release|Win32
		{4864F04F-F36C-4EC4-AC7B-42DDEDBD03D5}.Release|x64.ActiveCfg = Release|Win32
		{4864F04F-F36C-4EC4-AC7B-42DDEDBD03D5}.Release|x86.ActiveCfg = Release|Win32
		{4864F04F-F36C-4EC4-AC7B-42DDEDBD03D5}.Release|x86.Build.0 = Release|Win32
	EndGlobalSection
	GlobalSection(SolutionProperties) = preSolution
		HideSolutionNode = FALSE
	EndGlobalSection
	GlobalSection(MonoDevelopProperties) = preSolution
		StartupItem = ZDK\ZDK.csproj
	EndGlobalSection
EndGlobal
