<?xml version="1.0" encoding="utf-8"?>
<Project ToolsVersion="4.0" xmlns="http://schemas.microsoft.com/developer/msbuild/2003">
  <ItemGroup>
    <Filter Include="Resource Files">
      <UniqueIdentifier>{67DA6AB6-F800-4c08-8B7A-83BB121AAD01}</UniqueIdentifier>
      <Extensions>rc;ico;cur;bmp;dlg;rc2;rct;bin;rgs;gif;jpg;jpeg;jpe;resx;tiff;tif;png;wav;mfcribbon-ms</Extensions>
    </Filter>
    <Filter Include="SpeechRecognition">
      <UniqueIdentifier>{f9a691d8-e25f-45e4-be1b-db341203ed02}</UniqueIdentifier>
    </Filter>
    <Filter Include="Utility">
      <UniqueIdentifier>{e6ce50f6-2632-47f0-9646-12aba0769378}</UniqueIdentifier>
    </Filter>
    <Filter Include="KinectAudio">
      <UniqueIdentifier>{160adce1-cb99-478e-8cd6-8ece5df05751}</UniqueIdentifier>
    </Filter>
    <Filter Include="Common">
      <UniqueIdentifier>{8f40e85f-a206-41d9-bc26-657b5f9735c6}</UniqueIdentifier>
    </Filter>
  </ItemGroup>
  <ItemGroup>
    <ClInclude Include="SimpleMessageRecorder.h">
      <Filter>Utility</Filter>
    </ClInclude>
    <ClInclude Include="StringHelper.h">
      <Filter>Utility</Filter>
    </ClInclude>
    <ClInclude Include="StaticMediaBuffer.h">
      <Filter>KinectAudio</Filter>
    </ClInclude>
    <ClInclude Include="KinectAudioSpecs.h">
      <Filter>KinectAudio</Filter>
    </ClInclude>
    <ClInclude Include="ZigNativeKinectAudioSourceDll.h">
      <Filter>KinectAudio</Filter>
    </ClInclude>
    <ClInclude Include="stdafx.h">
      <Filter>Common</Filter>
    </ClInclude>
    <ClInclude Include="targetver.h">
      <Filter>Common</Filter>
    </ClInclude>
    <ClInclude Include="AutoCollection.h">
      <Filter>Utility</Filter>
    </ClInclude>
    <ClInclude Include="SpeechRecognition_Export_API.h">
      <Filter>SpeechRecognition</Filter>
    </ClInclude>
    <ClInclude Include="ZigNativeSpeechRecognizer.h">
      <Filter>SpeechRecognition</Filter>
    </ClInclude>
    <ClInclude Include="KinectAudioStream.h">
      <Filter>KinectAudio</Filter>
    </ClInclude>
  </ItemGroup>
  <ItemGroup>
    <ClCompile Include="ZigNativeKinectAudioSourceDll.cpp">
      <Filter>KinectAudio</Filter>
    </ClCompile>
    <ClCompile Include="SpeechRecognition_Export_API.cpp">
      <Filter>SpeechRecognition</Filter>
    </ClCompile>
    <ClCompile Include="ZigNativeSpeechRecognizer.cpp">
      <Filter>SpeechRecognition</Filter>
    </ClCompile>
    <ClCompile Include="KinectAudioStream.cpp">
      <Filter>KinectAudio</Filter>
    </ClCompile>
  </ItemGroup>
</Project>